
Microsoft Visual Studio Solution File, Format Version 12.00
# Visual Studio Version 17
VisualStudioVersion = 17.10.34916.146
MinimumVisualStudioVersion = 10.0.40219.1
Project("{FAE04EC0-301F-11D3-BF4B-00C04F79EFBC}") = "bicycle theft map", "bicycle theft map\bicycle theft map.csproj", "{E19D6672-9768-425C-8DDF-15A1CC8D86B5}"
EndProject
Global
	GlobalSection(SolutionConfigurationPlatforms) = preSolution
		Debug|Any CPU = Debug|Any CPU
		Release|Any CPU = Release|Any CPU
	EndGlobalSection
	GlobalSection(ProjectConfigurationPlatforms) = postSolution
		{E19D6672-9768-425C-8DDF-15A1CC8D86B5}.Debug|Any CPU.ActiveCfg = Debug|Any CPU
		{E19D6672-9768-425C-8DDF-15A1CC8D86B5}.Debug|Any CPU.Build.0 = Debug|Any CPU
		{E19D6672-9768-425C-8DDF-15A1CC8D86B5}.Debug|Any CPU.Deploy.0 = Debug|Any CPU
		{E19D6672-9768-425C-8DDF-15A1CC8D86B5}.Release|Any CPU.ActiveCfg = Release|Any CPU
		{E19D6672-9768-425C-8DDF-15A1CC8D86B5}.Release|Any CPU.Build.0 = Release|Any CPU
		{E19D6672-9768-425C-8DDF-15A1CC8D86B5}.Release|Any CPU.Deploy.0 = Release|Any CPU
	EndGlobalSection
	GlobalSection(SolutionProperties) = preSolution
		HideSolutionNode = FALSE
	EndGlobalSection
	GlobalSection(ExtensibilityGlobals) = postSolution
		SolutionGuid = {B8CAF6DE-9AFA-4CE8-AD35-AB1706543CF2}
	EndGlobalSection
EndGlobal
