
Microsoft Visual Studio Solution File, Format Version 12.00
# Visual Studio Version 17
VisualStudioVersion = 17.10.34916.146
MinimumVisualStudioVersion = 10.0.40219.1
Project("{FAE04EC0-301F-11D3-BF4B-00C04F79EFBC}") = "bicycle-theft-app", "bicycle-theft-app\bicycle-theft-app.csproj", "{C473D754-2BE3-47F3-88B4-DD6A38BF57E5}"
EndProject
Global
	GlobalSection(SolutionConfigurationPlatforms) = preSolution
		Debug|Any CPU = Debug|Any CPU
		Release|Any CPU = Release|Any CPU
	EndGlobalSection
	GlobalSection(ProjectConfigurationPlatforms) = postSolution
		{C473D754-2BE3-47F3-88B4-DD6A38BF57E5}.Debug|Any CPU.ActiveCfg = Debug|Any CPU
		{C473D754-2BE3-47F3-88B4-DD6A38BF57E5}.Debug|Any CPU.Build.0 = Debug|Any CPU
		{C473D754-2BE3-47F3-88B4-DD6A38BF57E5}.Debug|Any CPU.Deploy.0 = Debug|Any CPU
		{C473D754-2BE3-47F3-88B4-DD6A38BF57E5}.Release|Any CPU.ActiveCfg = Release|Any CPU
		{C473D754-2BE3-47F3-88B4-DD6A38BF57E5}.Release|Any CPU.Build.0 = Release|Any CPU
		{C473D754-2BE3-47F3-88B4-DD6A38BF57E5}.Release|Any CPU.Deploy.0 = Release|Any CPU
	EndGlobalSection
	GlobalSection(SolutionProperties) = preSolution
		HideSolutionNode = FALSE
	EndGlobalSection
	GlobalSection(ExtensibilityGlobals) = postSolution
		SolutionGuid = {385E1A9F-ABF7-482D-9D60-7C17E10DE639}
	EndGlobalSection
EndGlobal
